
Microsoft Visual Studio Solution File, Format Version 12.00
# Visual Studio Version 17
VisualStudioVersion = 17.11.35111.106
MinimumVisualStudioVersion = 10.0.40219.1
Project("{2150E333-8FDC-42A3-9474-1A3956D46DE8}") = "Core", "Core", "{79131869-6980-4DEF-AC2A-F1026C4A1269}"
EndProject
Project("{2150E333-8FDC-42A3-9474-1A3956D46DE8}") = "İnfrastructure", "İnfrastructure", "{F7DC573E-37EC-4113-BF99-9BDC27D1E635}"
EndProject
Project("{2150E333-8FDC-42A3-9474-1A3956D46DE8}") = "Presentation", "Presentation", "{D48BF006-64F7-4B84-8E8E-BB0C09751C5F}"
EndProject
Project("{FAE04EC0-301F-11D3-BF4B-00C04F79EFBC}") = "ProjeWebApi.Application", "Core\ProjeWebApi.Application\ProjeWebApi.Application.csproj", "{32D92228-1BD5-476C-92E1-15F7F0875A13}"
EndProject
Project("{FAE04EC0-301F-11D3-BF4B-00C04F79EFBC}") = "ProjeWebApi.İnfratstructure", "İnfrastructure\ProjeWebApi.İnfratstructure\ProjeWebApi.İnfratstructure.csproj", "{BD1CD0E9-4F99-4692-B111-3FDF2C629106}"
EndProject
Project("{FAE04EC0-301F-11D3-BF4B-00C04F79EFBC}") = "ProjeWebApi.Domen", "Core\ProjeWebApi.Domen\ProjeWebApi.Domen.csproj", "{001F0157-6B63-4CBA-8EFE-BE2C549D722E}"
EndProject
Global
	GlobalSection(SolutionConfigurationPlatforms) = preSolution
		Debug|Any CPU = Debug|Any CPU
		Release|Any CPU = Release|Any CPU
	EndGlobalSection
	GlobalSection(ProjectConfigurationPlatforms) = postSolution
		{32D92228-1BD5-476C-92E1-15F7F0875A13}.Debug|Any CPU.ActiveCfg = Debug|Any CPU
		{32D92228-1BD5-476C-92E1-15F7F0875A13}.Debug|Any CPU.Build.0 = Debug|Any CPU
		{32D92228-1BD5-476C-92E1-15F7F0875A13}.Release|Any CPU.ActiveCfg = Release|Any CPU
		{32D92228-1BD5-476C-92E1-15F7F0875A13}.Release|Any CPU.Build.0 = Release|Any CPU
		{BD1CD0E9-4F99-4692-B111-3FDF2C629106}.Debug|Any CPU.ActiveCfg = Debug|Any CPU
		{BD1CD0E9-4F99-4692-B111-3FDF2C629106}.Debug|Any CPU.Build.0 = Debug|Any CPU
		{BD1CD0E9-4F99-4692-B111-3FDF2C629106}.Release|Any CPU.ActiveCfg = Release|Any CPU
		{BD1CD0E9-4F99-4692-B111-3FDF2C629106}.Release|Any CPU.Build.0 = Release|Any CPU
		{001F0157-6B63-4CBA-8EFE-BE2C549D722E}.Debug|Any CPU.ActiveCfg = Debug|Any CPU
		{001F0157-6B63-4CBA-8EFE-BE2C549D722E}.Debug|Any CPU.Build.0 = Debug|Any CPU
		{001F0157-6B63-4CBA-8EFE-BE2C549D722E}.Release|Any CPU.ActiveCfg = Release|Any CPU
		{001F0157-6B63-4CBA-8EFE-BE2C549D722E}.Release|Any CPU.Build.0 = Release|Any CPU
	EndGlobalSection
	GlobalSection(SolutionProperties) = preSolution
		HideSolutionNode = FALSE
	EndGlobalSection
	GlobalSection(NestedProjects) = preSolution
		{32D92228-1BD5-476C-92E1-15F7F0875A13} = {79131869-6980-4DEF-AC2A-F1026C4A1269}
		{BD1CD0E9-4F99-4692-B111-3FDF2C629106} = {F7DC573E-37EC-4113-BF99-9BDC27D1E635}
		{001F0157-6B63-4CBA-8EFE-BE2C549D722E} = {79131869-6980-4DEF-AC2A-F1026C4A1269}
	EndGlobalSection
	GlobalSection(ExtensibilityGlobals) = postSolution
		SolutionGuid = {E24810A3-17C9-495B-B8CD-385F99E41EAD}
	EndGlobalSection
EndGlobal
